
Microsoft Visual Studio Solution File, Format Version 12.00
# Visual Studio 15
Project("{FAE04EC0-301F-11D3-BF4B-00C04F79EFBC}") = "Maze-Robots", "Maze-Robots.csproj", "{B001310C-B8EB-C98F-C93B-BF47A830DCBB}"
EndProject
Global
	GlobalSection(SolutionConfigurationPlatforms) = preSolution
		Debug|Any CPU = Debug|Any CPU
		Release|Any CPU = Release|Any CPU
	EndGlobalSection
	GlobalSection(ProjectConfigurationPlatforms) = postSolution
		{B001310C-B8EB-C98F-C93B-BF47A830DCBB}.Debug|Any CPU.ActiveCfg = Debug|Any CPU
		{B001310C-B8EB-C98F-C93B-BF47A830DCBB}.Debug|Any CPU.Build.0 = Debug|Any CPU
		{B001310C-B8EB-C98F-C93B-BF47A830DCBB}.Release|Any CPU.ActiveCfg = Release|Any CPU
		{B001310C-B8EB-C98F-C93B-BF47A830DCBB}.Release|Any CPU.Build.0 = Release|Any CPU
	EndGlobalSection
	GlobalSection(SolutionProperties) = preSolution
		HideSolutionNode = FALSE
	EndGlobalSection
EndGlobal
